
Microsoft Visual Studio Solution File, Format Version 12.00
# Visual Studio 15
VisualStudioVersion = 15.0.26403.3
MinimumVisualStudioVersion = 10.0.40219.1
Project("{9092AA53-FB77-4645-B42D-1CCCA6BD08BD}") = "01", "01\01.njsproj", "{F4B188A1-B6C8-42B9-ADF1-A8A685E00E98}"
EndProject
Project("{9092AA53-FB77-4645-B42D-1CCCA6BD08BD}") = "02", "02\02.njsproj", "{2D6255F3-A5B9-45FE-947B-F851F40F5B2A}"
EndProject
Project("{9092AA53-FB77-4645-B42D-1CCCA6BD08BD}") = "03", "03\03.njsproj", "{F66A2AE5-371F-4463-9235-D8580944FA1F}"
EndProject
Project("{9092AA53-FB77-4645-B42D-1CCCA6BD08BD}") = "04", "04\04.njsproj", "{5D2FC632-E85B-4BC8-997F-8DA105A8A4FA}"
EndProject
Project("{9092AA53-FB77-4645-B42D-1CCCA6BD08BD}") = "05", "05\05.njsproj", "{F24CC4E4-2ADB-4081-92D1-DFC2788DBBCD}"
EndProject
Project("{9092AA53-FB77-4645-B42D-1CCCA6BD08BD}") = "06", "06\06.njsproj", "{DEA4697F-61B5-4D6A-8F9C-8BE2B5CCBCB1}"
EndProject
Project("{9092AA53-FB77-4645-B42D-1CCCA6BD08BD}") = "07", "07\07.njsproj", "{00D3280A-5549-4054-9666-F9C6C427A7E9}"
EndProject
Project("{9092AA53-FB77-4645-B42D-1CCCA6BD08BD}") = "08", "08\08.njsproj", "{55CA22C6-EA97-4775-A1B9-CD84BF5DCF35}"
EndProject
Project("{9092AA53-FB77-4645-B42D-1CCCA6BD08BD}") = "09", "09\09.njsproj", "{5826B19C-146A-41AA-95AA-61AFAD150546}"
EndProject
Project("{9092AA53-FB77-4645-B42D-1CCCA6BD08BD}") = "10", "10\10.njsproj", "{669C286A-0ECF-4890-96E9-000DB960B86F}"
EndProject
Global
	GlobalSection(SolutionConfigurationPlatforms) = preSolution
		Debug|Any CPU = Debug|Any CPU
		Release|Any CPU = Release|Any CPU
	EndGlobalSection
	GlobalSection(ProjectConfigurationPlatforms) = postSolution
		{F4B188A1-B6C8-42B9-ADF1-A8A685E00E98}.Debug|Any CPU.ActiveCfg = Debug|Any CPU
		{F4B188A1-B6C8-42B9-ADF1-A8A685E00E98}.Debug|Any CPU.Build.0 = Debug|Any CPU
		{F4B188A1-B6C8-42B9-ADF1-A8A685E00E98}.Release|Any CPU.ActiveCfg = Release|Any CPU
		{F4B188A1-B6C8-42B9-ADF1-A8A685E00E98}.Release|Any CPU.Build.0 = Release|Any CPU
		{2D6255F3-A5B9-45FE-947B-F851F40F5B2A}.Debug|Any CPU.ActiveCfg = Debug|Any CPU
		{2D6255F3-A5B9-45FE-947B-F851F40F5B2A}.Debug|Any CPU.Build.0 = Debug|Any CPU
		{2D6255F3-A5B9-45FE-947B-F851F40F5B2A}.Release|Any CPU.ActiveCfg = Release|Any CPU
		{2D6255F3-A5B9-45FE-947B-F851F40F5B2A}.Release|Any CPU.Build.0 = Release|Any CPU
		{F66A2AE5-371F-4463-9235-D8580944FA1F}.Debug|Any CPU.ActiveCfg = Debug|Any CPU
		{F66A2AE5-371F-4463-9235-D8580944FA1F}.Debug|Any CPU.Build.0 = Debug|Any CPU
		{F66A2AE5-371F-4463-9235-D8580944FA1F}.Release|Any CPU.ActiveCfg = Release|Any CPU
		{F66A2AE5-371F-4463-9235-D8580944FA1F}.Release|Any CPU.Build.0 = Release|Any CPU
		{5D2FC632-E85B-4BC8-997F-8DA105A8A4FA}.Debug|Any CPU.ActiveCfg = Debug|Any CPU
		{5D2FC632-E85B-4BC8-997F-8DA105A8A4FA}.Debug|Any CPU.Build.0 = Debug|Any CPU
		{5D2FC632-E85B-4BC8-997F-8DA105A8A4FA}.Release|Any CPU.ActiveCfg = Release|Any CPU
		{5D2FC632-E85B-4BC8-997F-8DA105A8A4FA}.Release|Any CPU.Build.0 = Release|Any CPU
		{F24CC4E4-2ADB-4081-92D1-DFC2788DBBCD}.Debug|Any CPU.ActiveCfg = Debug|Any CPU
		{F24CC4E4-2ADB-4081-92D1-DFC2788DBBCD}.Debug|Any CPU.Build.0 = Debug|Any CPU
		{F24CC4E4-2ADB-4081-92D1-DFC2788DBBCD}.Release|Any CPU.ActiveCfg = Release|Any CPU
		{F24CC4E4-2ADB-4081-92D1-DFC2788DBBCD}.Release|Any CPU.Build.0 = Release|Any CPU
		{DEA4697F-61B5-4D6A-8F9C-8BE2B5CCBCB1}.Debug|Any CPU.ActiveCfg = Debug|Any CPU
		{DEA4697F-61B5-4D6A-8F9C-8BE2B5CCBCB1}.Debug|Any CPU.Build.0 = Debug|Any CPU
		{DEA4697F-61B5-4D6A-8F9C-8BE2B5CCBCB1}.Release|Any CPU.ActiveCfg = Release|Any CPU
		{DEA4697F-61B5-4D6A-8F9C-8BE2B5CCBCB1}.Release|Any CPU.Build.0 = Release|Any CPU
		{00D3280A-5549-4054-9666-F9C6C427A7E9}.Debug|Any CPU.ActiveCfg = Debug|Any CPU
		{00D3280A-5549-4054-9666-F9C6C427A7E9}.Debug|Any CPU.Build.0 = Debug|Any CPU
		{00D3280A-5549-4054-9666-F9C6C427A7E9}.Release|Any CPU.ActiveCfg = Release|Any CPU
		{00D3280A-5549-4054-9666-F9C6C427A7E9}.Release|Any CPU.Build.0 = Release|Any CPU
		{55CA22C6-EA97-4775-A1B9-CD84BF5DCF35}.Debug|Any CPU.ActiveCfg = Debug|Any CPU
		{55CA22C6-EA97-4775-A1B9-CD84BF5DCF35}.Debug|Any CPU.Build.0 = Debug|Any CPU
		{55CA22C6-EA97-4775-A1B9-CD84BF5DCF35}.Release|Any CPU.ActiveCfg = Release|Any CPU
		{55CA22C6-EA97-4775-A1B9-CD84BF5DCF35}.Release|Any CPU.Build.0 = Release|Any CPU
		{5826B19C-146A-41AA-95AA-61AFAD150546}.Debug|Any CPU.ActiveCfg = Debug|Any CPU
		{5826B19C-146A-41AA-95AA-61AFAD150546}.Debug|Any CPU.Build.0 = Debug|Any CPU
		{5826B19C-146A-41AA-95AA-61AFAD150546}.Release|Any CPU.ActiveCfg = Release|Any CPU
		{5826B19C-146A-41AA-95AA-61AFAD150546}.Release|Any CPU.Build.0 = Release|Any CPU
		{669C286A-0ECF-4890-96E9-000DB960B86F}.Debug|Any CPU.ActiveCfg = Debug|Any CPU
		{669C286A-0ECF-4890-96E9-000DB960B86F}.Debug|Any CPU.Build.0 = Debug|Any CPU
		{669C286A-0ECF-4890-96E9-000DB960B86F}.Release|Any CPU.ActiveCfg = Release|Any CPU
		{669C286A-0ECF-4890-96E9-000DB960B86F}.Release|Any CPU.Build.0 = Release|Any CPU
	EndGlobalSection
	GlobalSection(SolutionProperties) = preSolution
		HideSolutionNode = FALSE
	EndGlobalSection
EndGlobal
